// !$*UTF8*$!
{
	archiveVersion = 1;
	classes = {
	};
	objectVersion = 50;
	objects = {

/* Begin PBXBuildFile section */
		9441148B24AFA4820092DEB4 /* Response.swift in Sources */ = {isa = PBXBuildFile; fileRef = 9441148A24AFA4820092DEB4 /* Response.swift */; };
		94CBA5BC249BCECD00B5E1CF /* AppDelegate.swift in Sources */ = {isa = PBXBuildFile; fileRef = 94CBA5BB249BCECD00B5E1CF /* AppDelegate.swift */; };
		94CBA5BE249BCECD00B5E1CF /* SceneDelegate.swift in Sources */ = {isa = PBXBuildFile; fileRef = 94CBA5BD249BCECD00B5E1CF /* SceneDelegate.swift */; };
		94CBA5C0249BCECD00B5E1CF /* ViewController.swift in Sources */ = {isa = PBXBuildFile; fileRef = 94CBA5BF249BCECD00B5E1CF /* ViewController.swift */; };
		94CBA5C3249BCECD00B5E1CF /* Main.storyboard in Resources */ = {isa = PBXBuildFile; fileRef = 94CBA5C1249BCECD00B5E1CF /* Main.storyboard */; };
		94CBA5C5249BCED100B5E1CF /* Assets.xcassets in Resources */ = {isa = PBXBuildFile; fileRef = 94CBA5C4249BCED100B5E1CF /* Assets.xcassets */; };
		94CBA5C8249BCED100B5E1CF /* LaunchScreen.storyboard in Resources */ = {isa = PBXBuildFile; fileRef = 94CBA5C6249BCED100B5E1CF /* LaunchScreen.storyboard */; };
		94CBA5D0249D214A00B5E1CF /* Constants.swift in Sources */ = {isa = PBXBuildFile; fileRef = 94CBA5CF249D214A00B5E1CF /* Constants.swift */; };
		94CBA5D2249D24BE00B5E1CF /* Video.swift in Sources */ = {isa = PBXBuildFile; fileRef = 94CBA5D1249D24BE00B5E1CF /* Video.swift */; };
		94CBA5D4249D253800B5E1CF /* Model.swift in Sources */ = {isa = PBXBuildFile; fileRef = 94CBA5D3249D253800B5E1CF /* Model.swift */; };
/* End PBXBuildFile section */

/* Begin PBXFileReference section */
		9441148A24AFA4820092DEB4 /* Response.swift */ = {isa = PBXFileReference; lastKnownFileType = sourcecode.swift; path = Response.swift; sourceTree = "<group>"; };
		94CBA5B8249BCECD00B5E1CF /* youtube-onedaybuild.app */ = {isa = PBXFileReference; explicitFileType = wrapper.application; includeInIndex = 0; path = "youtube-onedaybuild.app"; sourceTree = BUILT_PRODUCTS_DIR; };
		94CBA5BB249BCECD00B5E1CF /* AppDelegate.swift */ = {isa = PBXFileReference; lastKnownFileType = sourcecode.swift; path = AppDelegate.swift; sourceTree = "<group>"; };
		94CBA5BD249BCECD00B5E1CF /* SceneDelegate.swift */ = {isa = PBXFileReference; lastKnownFileType = sourcecode.swift; path = SceneDelegate.swift; sourceTree = "<group>"; };
		94CBA5BF249BCECD00B5E1CF /* ViewController.swift */ = {isa = PBXFileReference; lastKnownFileType = sourcecode.swift; path = ViewController.swift; sourceTree = "<group>"; };
		94CBA5C2249BCECD00B5E1CF /* Base */ = {isa = PBXFileReference; lastKnownFileType = file.storyboard; name = Base; path = Base.lproj/Main.storyboard; sourceTree = "<group>"; };
		94CBA5C4249BCED100B5E1CF /* Assets.xcassets */ = {isa = PBXFileReference; lastKnownFileType = folder.assetcatalog; path = Assets.xcassets; sourceTree = "<group>"; };
		94CBA5C7249BCED100B5E1CF /* Base */ = {isa = PBXFileReference; lastKnownFileType = file.storyboard; name = Base; path = Base.lproj/LaunchScreen.storyboard; sourceTree = "<group>"; };
		94CBA5C9249BCED100B5E1CF /* Info.plist */ = {isa = PBXFileReference; lastKnownFileType = text.plist.xml; path = Info.plist; sourceTree = "<group>"; };
		94CBA5CF249D214A00B5E1CF /* Constants.swift */ = {isa = PBXFileReference; lastKnownFileType = sourcecode.swift; path = Constants.swift; sourceTree = "<group>"; };
		94CBA5D1249D24BE00B5E1CF /* Video.swift */ = {isa = PBXFileReference; lastKnownFileType = sourcecode.swift; path = Video.swift; sourceTree = "<group>"; };
		94CBA5D3249D253800B5E1CF /* Model.swift */ = {isa = PBXFileReference; lastKnownFileType = sourcecode.swift; path = Model.swift; sourceTree = "<group>"; };
/* End PBXFileReference section */

/* Begin PBXFrameworksBuildPhase section */
		94CBA5B5249BCECD00B5E1CF /* Frameworks */ = {
			isa = PBXFrameworksBuildPhase;
			buildActionMask = 2147483647;
			files = (
			);
			runOnlyForDeploymentPostprocessing = 0;
		};
/* End PBXFrameworksBuildPhase section */

/* Begin PBXGroup section */
		94CBA5AF249BCECD00B5E1CF = {
			isa = PBXGroup;
			children = (
				94CBA5BA249BCECD00B5E1CF /* youtube-onedaybuild */,
				94CBA5B9249BCECD00B5E1CF /* Products */,
			);
			sourceTree = "<group>";
		};
		94CBA5B9249BCECD00B5E1CF /* Products */ = {
			isa = PBXGroup;
			children = (
				94CBA5B8249BCECD00B5E1CF /* youtube-onedaybuild.app */,
			);
			name = Products;
			sourceTree = "<group>";
		};
		94CBA5BA249BCECD00B5E1CF /* youtube-onedaybuild */ = {
			isa = PBXGroup;
			children = (
				94CBA5BB249BCECD00B5E1CF /* AppDelegate.swift */,
				94CBA5BD249BCECD00B5E1CF /* SceneDelegate.swift */,
				94CBA5BF249BCECD00B5E1CF /* ViewController.swift */,
				94CBA5C1249BCECD00B5E1CF /* Main.storyboard */,
				94CBA5C4249BCED100B5E1CF /* Assets.xcassets */,
				94CBA5C6249BCED100B5E1CF /* LaunchScreen.storyboard */,
				94CBA5C9249BCED100B5E1CF /* Info.plist */,
				94CBA5CF249D214A00B5E1CF /* Constants.swift */,
				94CBA5D1249D24BE00B5E1CF /* Video.swift */,
				94CBA5D3249D253800B5E1CF /* Model.swift */,
				9441148A24AFA4820092DEB4 /* Response.swift */,
			);
			path = "youtube-onedaybuild";
			sourceTree = "<group>";
		};
/* End PBXGroup section */

/* Begin PBXNativeTarget section */
		94CBA5B7249BCECD00B5E1CF /* youtube-onedaybuild */ = {
			isa = PBXNativeTarget;
			buildConfigurationList = 94CBA5CC249BCED100B5E1CF /* Build configuration list for PBXNativeTarget "youtube-onedaybuild" */;
			buildPhases = (
				94CBA5B4249BCECD00B5E1CF /* Sources */,
				94CBA5B5249BCECD00B5E1CF /* Frameworks */,
				94CBA5B6249BCECD00B5E1CF /* Resources */,
			);
			buildRules = (
			);
			dependencies = (
			);
			name = "youtube-onedaybuild";
			productName = "youtube-onedaybuild";
			productReference = 94CBA5B8249BCECD00B5E1CF /* youtube-onedaybuild.app */;
			productType = "com.apple.product-type.application";
		};
/* End PBXNativeTarget section */

/* Begin PBXProject section */
		94CBA5B0249BCECD00B5E1CF /* Project object */ = {
			isa = PBXProject;
			attributes = {
				LastSwiftUpdateCheck = 1140;
				LastUpgradeCheck = 1140;
				ORGANIZATIONNAME = "Ryan Hajji";
				TargetAttributes = {
					94CBA5B7249BCECD00B5E1CF = {
						CreatedOnToolsVersion = 11.4.1;
					};
				};
			};
			buildConfigurationList = 94CBA5B3249BCECD00B5E1CF /* Build configuration list for PBXProject "youtube-onedaybuild" */;
			compatibilityVersion = "Xcode 9.3";
			developmentRegion = en;
			hasScannedForEncodings = 0;
			knownRegions = (
				en,
				Base,
			);
			mainGroup = 94CBA5AF249BCECD00B5E1CF;
			productRefGroup = 94CBA5B9249BCECD00B5E1CF /* Products */;
			projectDirPath = "";
			projectRoot = "";
			targets = (
				94CBA5B7249BCECD00B5E1CF /* youtube-onedaybuild */,
			);
		};
/* End PBXProject section */

/* Begin PBXResourcesBuildPhase section */
		94CBA5B6249BCECD00B5E1CF /* Resources */ = {
			isa = PBXResourcesBuildPhase;
			buildActionMask = 2147483647;
			files = (
				94CBA5C8249BCED100B5E1CF /* LaunchScreen.storyboard in Resources */,
				94CBA5C5249BCED100B5E1CF /* Assets.xcassets in Resources */,
				94CBA5C3249BCECD00B5E1CF /* Main.storyboard in Resources */,
			);
			runOnlyForDeploymentPostprocessing = 0;
		};
/* End PBXResourcesBuildPhase section */

/* Begin PBXSourcesBuildPhase section */
		94CBA5B4249BCECD00B5E1CF /* Sources */ = {
			isa = PBXSourcesBuildPhase;
			buildActionMask = 2147483647;
			files = (
				94CBA5C0249BCECD00B5E1CF /* ViewController.swift in Sources */,
				94CBA5BC249BCECD00B5E1CF /* AppDelegate.swift in Sources */,
				94CBA5BE249BCECD00B5E1CF /* SceneDelegate.swift in Sources */,
				94CBA5D4249D253800B5E1CF /* Model.swift in Sources */,
				94CBA5D0249D214A00B5E1CF /* Constants.swift in Sources */,
				94CBA5D2249D24BE00B5E1CF /* Video.swift in Sources */,
				9441148B24AFA4820092DEB4 /* Response.swift in Sources */,
			);
			runOnlyForDeploymentPostprocessing = 0;
		};
/* End PBXSourcesBuildPhase section */

/* Begin PBXVariantGroup section */
		94CBA5C1249BCECD00B5E1CF /* Main.storyboard */ = {
			isa = PBXVariantGroup;
			children = (
				94CBA5C2249BCECD00B5E1CF /* Base */,
			);
			name = Main.storyboard;
			sourceTree = "<group>";
		};
		94CBA5C6249BCED100B5E1CF /* LaunchScreen.storyboard */ = {
			isa = PBXVariantGroup;
			children = (
				94CBA5C7249BCED100B5E1CF /* Base */,
			);
			name = LaunchScreen.storyboard;
			sourceTree = "<group>";
		};
/* End PBXVariantGroup section */

/* Begin XCBuildConfiguration section */
		94CBA5CA249BCED100B5E1CF /* Debug */ = {
			isa = XCBuildConfiguration;
			buildSettings = {
				ALWAYS_SEARCH_USER_PATHS = NO;
				CLANG_ANALYZER_NONNULL = YES;
				CLANG_ANALYZER_NUMBER_OBJECT_CONVERSION = YES_AGGRESSIVE;
				CLANG_CXX_LANGUAGE_STANDARD = "gnu++14";
				CLANG_CXX_LIBRARY = "libc++";
				CLANG_ENABLE_MODULES = YES;
				CLANG_ENABLE_OBJC_ARC = YES;
				CLANG_ENABLE_OBJC_WEAK = YES;
				CLANG_WARN_BLOCK_CAPTURE_AUTORELEASING = YES;
				CLANG_WARN_BOOL_CONVERSION = YES;
				CLANG_WARN_COMMA = YES;
				CLANG_WARN_CONSTANT_CONVERSION = YES;
				CLANG_WARN_DEPRECATED_OBJC_IMPLEMENTATIONS = YES;
				CLANG_WARN_DIRECT_OBJC_ISA_USAGE = YES_ERROR;
				CLANG_WARN_DOCUMENTATION_COMMENTS = YES;
				CLANG_WARN_EMPTY_BODY = YES;
				CLANG_WARN_ENUM_CONVERSION = YES;
				CLANG_WARN_INFINITE_RECURSION = YES;
				CLANG_WARN_INT_CONVERSION = YES;
				CLANG_WARN_NON_LITERAL_NULL_CONVERSION = YES;
				CLANG_WARN_OBJC_IMPLICIT_RETAIN_SELF = YES;
				CLANG_WARN_OBJC_LITERAL_CONVERSION = YES;
				CLANG_WARN_OBJC_ROOT_CLASS = YES_ERROR;
				CLANG_WARN_RANGE_LOOP_ANALYSIS = YES;
				CLANG_WARN_STRICT_PROTOTYPES = YES;
				CLANG_WARN_SUSPICIOUS_MOVE = YES;
				CLANG_WARN_UNGUARDED_AVAILABILITY = YES_AGGRESSIVE;
				CLANG_WARN_UNREACHABLE_CODE = YES;
				CLANG_WARN__DUPLICATE_METHOD_MATCH = YES;
				COPY_PHASE_STRIP = NO;
				DEBUG_INFORMATION_FORMAT = dwarf;
				ENABLE_STRICT_OBJC_MSGSEND = YES;
				ENABLE_TESTABILITY = YES;
				GCC_C_LANGUAGE_STANDARD = gnu11;
				GCC_DYNAMIC_NO_PIC = NO;
				GCC_NO_COMMON_BLOCKS = YES;
				GCC_OPTIMIZATION_LEVEL = 0;
				GCC_PREPROCESSOR_DEFINITIONS = (
					"DEBUG=1",
					"$(inherited)",
				);
				GCC_WARN_64_TO_32_BIT_CONVERSION = YES;
				GCC_WARN_ABOUT_RETURN_TYPE = YES_ERROR;
				GCC_WARN_UNDECLARED_SELECTOR = YES;
				GCC_WARN_UNINITIALIZED_AUTOS = YES_AGGRESSIVE;
				GCC_WARN_UNUSED_FUNCTION = YES;
				GCC_WARN_UNUSED_VARIABLE = YES;
				IPHONEOS_DEPLOYMENT_TARGET = 13.4;
				MTL_ENABLE_DEBUG_INFO = INCLUDE_SOURCE;
				MTL_FAST_MATH = YES;
				ONLY_ACTIVE_ARCH = YES;
				SDKROOT = iphoneos;
				SWIFT_ACTIVE_COMPILATION_CONDITIONS = DEBUG;
				SWIFT_OPTIMIZATION_LEVEL = "-Onone";
			};
			name = Debug;
		};
		94CBA5CB249BCED100B5E1CF /* Release */ = {
			isa = XCBuildConfiguration;
			buildSettings = {
				ALWAYS_SEARCH_USER_PATHS = NO;
				CLANG_ANALYZER_NONNULL = YES;
				CLANG_ANALYZER_NUMBER_OBJECT_CONVERSION = YES_AGGRESSIVE;
				CLANG_CXX_LANGUAGE_STANDARD = "gnu++14";
				CLANG_CXX_LIBRARY = "libc++";
				CLANG_ENABLE_MODULES = YES;
				CLANG_ENABLE_OBJC_ARC = YES;
				CLANG_ENABLE_OBJC_WEAK = YES;
				CLANG_WARN_BLOCK_CAPTURE_AUTORELEASING = YES;
				CLANG_WARN_BOOL_CONVERSION = YES;
				CLANG_WARN_COMMA = YES;
				CLANG_WARN_CONSTANT_CONVERSION = YES;
				CLANG_WARN_DEPRECATED_OBJC_IMPLEMENTATIONS = YES;
				CLANG_WARN_DIRECT_OBJC_ISA_USAGE = YES_ERROR;
				CLANG_WARN_DOCUMENTATION_COMMENTS = YES;
				CLANG_WARN_EMPTY_BODY = YES;
				CLANG_WARN_ENUM_CONVERSION = YES;
				CLANG_WARN_INFINITE_RECURSION = YES;
				CLANG_WARN_INT_CONVERSION = YES;
				CLANG_WARN_NON_LITERAL_NULL_CONVERSION = YES;
				CLANG_WARN_OBJC_IMPLICIT_RETAIN_SELF = YES;
				CLANG_WARN_OBJC_LITERAL_CONVERSION = YES;
				CLANG_WARN_OBJC_ROOT_CLASS = YES_ERROR;
				CLANG_WARN_RANGE_LOOP_ANALYSIS = YES;
				CLANG_WARN_STRICT_PROTOTYPES = YES;
				CLANG_WARN_SUSPICIOUS_MOVE = YES;
				CLANG_WARN_UNGUARDED_AVAILABILITY = YES_AGGRESSIVE;
				CLANG_WARN_UNREACHABLE_CODE = YES;
				CLANG_WARN__DUPLICATE_METHOD_MATCH = YES;
				COPY_PHASE_STRIP = NO;
				DEBUG_INFORMATION_FORMAT = "dwarf-with-dsym";
				ENABLE_NS_ASSERTIONS = NO;
				ENABLE_STRICT_OBJC_MSGSEND = YES;
				GCC_C_LANGUAGE_STANDARD = gnu11;
				GCC_NO_COMMON_BLOCKS = YES;
				GCC_WARN_64_TO_32_BIT_CONVERSION = YES;
				GCC_WARN_ABOUT_RETURN_TYPE = YES_ERROR;
				GCC_WARN_UNDECLARED_SELECTOR = YES;
				GCC_WARN_UNINITIALIZED_AUTOS = YES_AGGRESSIVE;
				GCC_WARN_UNUSED_FUNCTION = YES;
				GCC_WARN_UNUSED_VARIABLE = YES;
				IPHONEOS_DEPLOYMENT_TARGET = 13.4;
				MTL_ENABLE_DEBUG_INFO = NO;
				MTL_FAST_MATH = YES;
				SDKROOT = iphoneos;
				SWIFT_COMPILATION_MODE = wholemodule;
				SWIFT_OPTIMIZATION_LEVEL = "-O";
				VALIDATE_PRODUCT = YES;
			};
			name = Release;
		};
		94CBA5CD249BCED100B5E1CF /* Debug */ = {
			isa = XCBuildConfiguration;
			buildSettings = {
				ASSETCATALOG_COMPILER_APPICON_NAME = AppIcon;
				CODE_SIGN_STYLE = Automatic;
				INFOPLIST_FILE = "youtube-onedaybuild/Info.plist";
				LD_RUNPATH_SEARCH_PATHS = (
					"$(inherited)",
					"@executable_path/Frameworks",
				);
				PRODUCT_BUNDLE_IDENTIFIER = "RyanHajji.youtube-onedaybuild";
				PRODUCT_NAME = "$(TARGET_NAME)";
				SWIFT_VERSION = 5.0;
				TARGETED_DEVICE_FAMILY = "1,2";
			};
			name = Debug;
		};
		94CBA5CE249BCED100B5E1CF /* Release */ = {
			isa = XCBuildConfiguration;
			buildSettings = {
				ASSETCATALOG_COMPILER_APPICON_NAME = AppIcon;
				CODE_SIGN_STYLE = Automatic;
				INFOPLIST_FILE = "youtube-onedaybuild/Info.plist";
				LD_RUNPATH_SEARCH_PATHS = (
					"$(inherited)",
					"@executable_path/Frameworks",
				);
				PRODUCT_BUNDLE_IDENTIFIER = "RyanHajji.youtube-onedaybuild";
				PRODUCT_NAME = "$(TARGET_NAME)";
				SWIFT_VERSION = 5.0;
				TARGETED_DEVICE_FAMILY = "1,2";
			};
			name = Release;
		};
/* End XCBuildConfiguration section */

/* Begin XCConfigurationList section */
		94CBA5B3249BCECD00B5E1CF /* Build configuration list for PBXProject "youtube-onedaybuild" */ = {
			isa = XCConfigurationList;
			buildConfigurations = (
				94CBA5CA249BCED100B5E1CF /* Debug */,
				94CBA5CB249BCED100B5E1CF /* Release */,
			);
			defaultConfigurationIsVisible = 0;
			defaultConfigurationName = Release;
		};
		94CBA5CC249BCED100B5E1CF /* Build configuration list for PBXNativeTarget "youtube-onedaybuild" */ = {
			isa = XCConfigurationList;
			buildConfigurations = (
				94CBA5CD249BCED100B5E1CF /* Debug */,
				94CBA5CE249BCED100B5E1CF /* Release */,
			);
			defaultConfigurationIsVisible = 0;
			defaultConfigurationName = Release;
		};
/* End XCConfigurationList section */
	};
	rootObject = 94CBA5B0249BCECD00B5E1CF /* Project object */;
}
